
Microsoft Visual Studio Solution File, Format Version 12.00
# Visual Studio 2012
Project("{FAE04EC0-301F-11D3-BF4B-00C04F79EFBC}") = "Damp", "Damp\Damp.csproj", "{17C9978C-15DF-4347-BEDA-68E5F0FEE1DA}"
EndProject
Project("{FAE04EC0-301F-11D3-BF4B-00C04F79EFBC}") = "DampTest", "DampTest\DampTest.csproj", "{2FE582F0-6F5E-45ED-9019-E59ACD35F22E}"
EndProject
Project("{FAE04EC0-301F-11D3-BF4B-00C04F79EFBC}") = "DampCS", "..\DampCSC\DampCS\DampCS.csproj", "{79BFC20C-0289-48D1-AE78-FEB710DC7919}"
EndProject
Global
	GlobalSection(SolutionConfigurationPlatforms) = preSolution
		Debug|Any CPU = Debug|Any CPU
		Release|Any CPU = Release|Any CPU
	EndGlobalSection
	GlobalSection(ProjectConfigurationPlatforms) = postSolution
		{17C9978C-15DF-4347-BEDA-68E5F0FEE1DA}.Debug|Any CPU.ActiveCfg = Debug|Any CPU
		{17C9978C-15DF-4347-BEDA-68E5F0FEE1DA}.Debug|Any CPU.Build.0 = Debug|Any CPU
		{17C9978C-15DF-4347-BEDA-68E5F0FEE1DA}.Release|Any CPU.ActiveCfg = Release|Any CPU
		{17C9978C-15DF-4347-BEDA-68E5F0FEE1DA}.Release|Any CPU.Build.0 = Release|Any CPU
		{2FE582F0-6F5E-45ED-9019-E59ACD35F22E}.Debug|Any CPU.ActiveCfg = Debug|Any CPU
		{2FE582F0-6F5E-45ED-9019-E59ACD35F22E}.Debug|Any CPU.Build.0 = Debug|Any CPU
		{2FE582F0-6F5E-45ED-9019-E59ACD35F22E}.Release|Any CPU.ActiveCfg = Release|Any CPU
		{2FE582F0-6F5E-45ED-9019-E59ACD35F22E}.Release|Any CPU.Build.0 = Release|Any CPU
		{79BFC20C-0289-48D1-AE78-FEB710DC7919}.Debug|Any CPU.ActiveCfg = Debug|Any CPU
		{79BFC20C-0289-48D1-AE78-FEB710DC7919}.Debug|Any CPU.Build.0 = Debug|Any CPU
		{79BFC20C-0289-48D1-AE78-FEB710DC7919}.Release|Any CPU.ActiveCfg = Release|Any CPU
		{79BFC20C-0289-48D1-AE78-FEB710DC7919}.Release|Any CPU.Build.0 = Release|Any CPU
	EndGlobalSection
	GlobalSection(SolutionProperties) = preSolution
		HideSolutionNode = FALSE
	EndGlobalSection
EndGlobal
